
Microsoft Visual Studio Solution File, Format Version 12.00
# Visual Studio Version 16
VisualStudioVersion = 16.0.33027.164
MinimumVisualStudioVersion = 10.0.40219.1
Project("{FAE04EC0-301F-11D3-BF4B-00C04F79EFBC}") = "TestWebAPI", "TestWebAPI\TestWebAPI.csproj", "{844B6032-22CF-4923-A513-76D485F8DC72}"
EndProject
Global
	GlobalSection(SolutionConfigurationPlatforms) = preSolution
		Debug|Any CPU = Debug|Any CPU
		Release|Any CPU = Release|Any CPU
	EndGlobalSection
	GlobalSection(ProjectConfigurationPlatforms) = postSolution
		{844B6032-22CF-4923-A513-76D485F8DC72}.Debug|Any CPU.ActiveCfg = Debug|Any CPU
		{844B6032-22CF-4923-A513-76D485F8DC72}.Debug|Any CPU.Build.0 = Debug|Any CPU
		{844B6032-22CF-4923-A513-76D485F8DC72}.Release|Any CPU.ActiveCfg = Release|Any CPU
		{844B6032-22CF-4923-A513-76D485F8DC72}.Release|Any CPU.Build.0 = Release|Any CPU
	EndGlobalSection
	GlobalSection(SolutionProperties) = preSolution
		HideSolutionNode = FALSE
	EndGlobalSection
	GlobalSection(ExtensibilityGlobals) = postSolution
		SolutionGuid = {93817865-BB47-430E-821E-49E29B7E8B47}
	EndGlobalSection
EndGlobal
